
Microsoft Visual Studio Solution File, Format Version 12.00
# Visual Studio Version 17
VisualStudioVersion = 17.3.32825.248
MinimumVisualStudioVersion = 10.0.40219.1
Project("{FAE04EC0-301F-11D3-BF4B-00C04F79EFBC}") = "wanna suicide", "wanna suicide\wanna suicide.csproj", "{B03E9E93-AFA4-46AC-A161-4A5E8B26CBAF}"
EndProject
Global
	GlobalSection(SolutionConfigurationPlatforms) = preSolution
		Debug|Any CPU = Debug|Any CPU
		Release|Any CPU = Release|Any CPU
	EndGlobalSection
	GlobalSection(ProjectConfigurationPlatforms) = postSolution
		{B03E9E93-AFA4-46AC-A161-4A5E8B26CBAF}.Debug|Any CPU.ActiveCfg = Debug|Any CPU
		{B03E9E93-AFA4-46AC-A161-4A5E8B26CBAF}.Debug|Any CPU.Build.0 = Debug|Any CPU
		{B03E9E93-AFA4-46AC-A161-4A5E8B26CBAF}.Release|Any CPU.ActiveCfg = Release|Any CPU
		{B03E9E93-AFA4-46AC-A161-4A5E8B26CBAF}.Release|Any CPU.Build.0 = Release|Any CPU
	EndGlobalSection
	GlobalSection(SolutionProperties) = preSolution
		HideSolutionNode = FALSE
	EndGlobalSection
	GlobalSection(ExtensibilityGlobals) = postSolution
		SolutionGuid = {BA8C1262-12BD-4882-8559-F0121E30F708}
	EndGlobalSection
EndGlobal
